// !$*UTF8*$!
{
	archiveVersion = 1;
	classes = {
	};
	objectVersion = 50;
	objects = {

/* Begin PBXBuildFile section */
		EFFF221522FE683500E7DD78 /* AppDelegate.swift in Sources */ = {isa = PBXBuildFile; fileRef = EFFF221422FE683500E7DD78 /* AppDelegate.swift */; };
		EFFF221722FE683500E7DD78 /* ViewController.swift in Sources */ = {isa = PBXBuildFile; fileRef = EFFF221622FE683500E7DD78 /* ViewController.swift */; };
		EFFF221A22FE683500E7DD78 /* Main.storyboard in Resources */ = {isa = PBXBuildFile; fileRef = EFFF221822FE683500E7DD78 /* Main.storyboard */; };
		EFFF221C22FE683600E7DD78 /* Assets.xcassets in Resources */ = {isa = PBXBuildFile; fileRef = EFFF221B22FE683600E7DD78 /* Assets.xcassets */; };
		EFFF221F22FE683600E7DD78 /* LaunchScreen.storyboard in Resources */ = {isa = PBXBuildFile; fileRef = EFFF221D22FE683600E7DD78 /* LaunchScreen.storyboard */; };
		EFFF222A22FE691500E7DD78 /* FriendListTableViewCell.swift in Sources */ = {isa = PBXBuildFile; fileRef = EFFF222822FE691500E7DD78 /* FriendListTableViewCell.swift */; };
		EFFF222B22FE691500E7DD78 /* FriendListTableViewCell.xib in Resources */ = {isa = PBXBuildFile; fileRef = EFFF222922FE691500E7DD78 /* FriendListTableViewCell.xib */; };
/* End PBXBuildFile section */

/* Begin PBXFileReference section */
		EFFF221122FE683500E7DD78 /* TableView_Assignment_W2.app */ = {isa = PBXFileReference; explicitFileType = wrapper.application; includeInIndex = 0; path = TableView_Assignment_W2.app; sourceTree = BUILT_PRODUCTS_DIR; };
		EFFF221422FE683500E7DD78 /* AppDelegate.swift */ = {isa = PBXFileReference; lastKnownFileType = sourcecode.swift; path = AppDelegate.swift; sourceTree = "<group>"; };
		EFFF221622FE683500E7DD78 /* ViewController.swift */ = {isa = PBXFileReference; lastKnownFileType = sourcecode.swift; path = ViewController.swift; sourceTree = "<group>"; };
		EFFF221922FE683500E7DD78 /* Base */ = {isa = PBXFileReference; lastKnownFileType = file.storyboard; name = Base; path = Base.lproj/Main.storyboard; sourceTree = "<group>"; };
		EFFF221B22FE683600E7DD78 /* Assets.xcassets */ = {isa = PBXFileReference; lastKnownFileType = folder.assetcatalog; path = Assets.xcassets; sourceTree = "<group>"; };
		EFFF221E22FE683600E7DD78 /* Base */ = {isa = PBXFileReference; lastKnownFileType = file.storyboard; name = Base; path = Base.lproj/LaunchScreen.storyboard; sourceTree = "<group>"; };
		EFFF222022FE683600E7DD78 /* Info.plist */ = {isa = PBXFileReference; lastKnownFileType = text.plist.xml; path = Info.plist; sourceTree = "<group>"; };
		EFFF222822FE691500E7DD78 /* FriendListTableViewCell.swift */ = {isa = PBXFileReference; lastKnownFileType = sourcecode.swift; path = FriendListTableViewCell.swift; sourceTree = "<group>"; };
		EFFF222922FE691500E7DD78 /* FriendListTableViewCell.xib */ = {isa = PBXFileReference; lastKnownFileType = file.xib; path = FriendListTableViewCell.xib; sourceTree = "<group>"; };
/* End PBXFileReference section */

/* Begin PBXFrameworksBuildPhase section */
		EFFF220E22FE683500E7DD78 /* Frameworks */ = {
			isa = PBXFrameworksBuildPhase;
			buildActionMask = 2147483647;
			files = (
			);
			runOnlyForDeploymentPostprocessing = 0;
		};
/* End PBXFrameworksBuildPhase section */

/* Begin PBXGroup section */
		EFFF220822FE683500E7DD78 = {
			isa = PBXGroup;
			children = (
				EFFF221322FE683500E7DD78 /* TableView_Assignment_W2 */,
				EFFF221222FE683500E7DD78 /* Products */,
			);
			sourceTree = "<group>";
		};
		EFFF221222FE683500E7DD78 /* Products */ = {
			isa = PBXGroup;
			children = (
				EFFF221122FE683500E7DD78 /* TableView_Assignment_W2.app */,
			);
			name = Products;
			sourceTree = "<group>";
		};
		EFFF221322FE683500E7DD78 /* TableView_Assignment_W2 */ = {
			isa = PBXGroup;
			children = (
				EFFF221422FE683500E7DD78 /* AppDelegate.swift */,
				EFFF221622FE683500E7DD78 /* ViewController.swift */,
				EFFF221822FE683500E7DD78 /* Main.storyboard */,
				EFFF221B22FE683600E7DD78 /* Assets.xcassets */,
				EFFF221D22FE683600E7DD78 /* LaunchScreen.storyboard */,
				EFFF222022FE683600E7DD78 /* Info.plist */,
				EFFF222822FE691500E7DD78 /* FriendListTableViewCell.swift */,
				EFFF222922FE691500E7DD78 /* FriendListTableViewCell.xib */,
			);
			path = TableView_Assignment_W2;
			sourceTree = "<group>";
		};
/* End PBXGroup section */

/* Begin PBXNativeTarget section */
		EFFF221022FE683500E7DD78 /* TableView_Assignment_W2 */ = {
			isa = PBXNativeTarget;
			buildConfigurationList = EFFF222322FE683600E7DD78 /* Build configuration list for PBXNativeTarget "TableView_Assignment_W2" */;
			buildPhases = (
				EFFF220D22FE683500E7DD78 /* Sources */,
				EFFF220E22FE683500E7DD78 /* Frameworks */,
				EFFF220F22FE683500E7DD78 /* Resources */,
			);
			buildRules = (
			);
			dependencies = (
			);
			name = TableView_Assignment_W2;
			productName = TableView_Assignment_W2;
			productReference = EFFF221122FE683500E7DD78 /* TableView_Assignment_W2.app */;
			productType = "com.apple.product-type.application";
		};
/* End PBXNativeTarget section */

/* Begin PBXProject section */
		EFFF220922FE683500E7DD78 /* Project object */ = {
			isa = PBXProject;
			attributes = {
				LastSwiftUpdateCheck = 1020;
				LastUpgradeCheck = 1020;
				ORGANIZATIONNAME = phonelin;
				TargetAttributes = {
					EFFF221022FE683500E7DD78 = {
						CreatedOnToolsVersion = 10.2.1;
					};
				};
			};
			buildConfigurationList = EFFF220C22FE683500E7DD78 /* Build configuration list for PBXProject "TableView_Assignment_W2" */;
			compatibilityVersion = "Xcode 9.3";
			developmentRegion = en;
			hasScannedForEncodings = 0;
			knownRegions = (
				en,
				Base,
			);
			mainGroup = EFFF220822FE683500E7DD78;
			productRefGroup = EFFF221222FE683500E7DD78 /* Products */;
			projectDirPath = "";
			projectRoot = "";
			targets = (
				EFFF221022FE683500E7DD78 /* TableView_Assignment_W2 */,
			);
		};
/* End PBXProject section */

/* Begin PBXResourcesBuildPhase section */
		EFFF220F22FE683500E7DD78 /* Resources */ = {
			isa = PBXResourcesBuildPhase;
			buildActionMask = 2147483647;
			files = (
				EFFF221F22FE683600E7DD78 /* LaunchScreen.storyboard in Resources */,
				EFFF221C22FE683600E7DD78 /* Assets.xcassets in Resources */,
				EFFF221A22FE683500E7DD78 /* Main.storyboard in Resources */,
				EFFF222B22FE691500E7DD78 /* FriendListTableViewCell.xib in Resources */,
			);
			runOnlyForDeploymentPostprocessing = 0;
		};
/* End PBXResourcesBuildPhase section */

/* Begin PBXSourcesBuildPhase section */
		EFFF220D22FE683500E7DD78 /* Sources */ = {
			isa = PBXSourcesBuildPhase;
			buildActionMask = 2147483647;
			files = (
				EFFF221722FE683500E7DD78 /* ViewController.swift in Sources */,
				EFFF222A22FE691500E7DD78 /* FriendListTableViewCell.swift in Sources */,
				EFFF221522FE683500E7DD78 /* AppDelegate.swift in Sources */,
			);
			runOnlyForDeploymentPostprocessing = 0;
		};
/* End PBXSourcesBuildPhase section */

/* Begin PBXVariantGroup section */
		EFFF221822FE683500E7DD78 /* Main.storyboard */ = {
			isa = PBXVariantGroup;
			children = (
				EFFF221922FE683500E7DD78 /* Base */,
			);
			name = Main.storyboard;
			sourceTree = "<group>";
		};
		EFFF221D22FE683600E7DD78 /* LaunchScreen.storyboard */ = {
			isa = PBXVariantGroup;
			children = (
				EFFF221E22FE683600E7DD78 /* Base */,
			);
			name = LaunchScreen.storyboard;
			sourceTree = "<group>";
		};
/* End PBXVariantGroup section */

/* Begin XCBuildConfiguration section */
		EFFF222122FE683600E7DD78 /* Debug */ = {
			isa = XCBuildConfiguration;
			buildSettings = {
				ALWAYS_SEARCH_USER_PATHS = NO;
				CLANG_ANALYZER_NONNULL = YES;
				CLANG_ANALYZER_NUMBER_OBJECT_CONVERSION = YES_AGGRESSIVE;
				CLANG_CXX_LANGUAGE_STANDARD = "gnu++14";
				CLANG_CXX_LIBRARY = "libc++";
				CLANG_ENABLE_MODULES = YES;
				CLANG_ENABLE_OBJC_ARC = YES;
				CLANG_ENABLE_OBJC_WEAK = YES;
				CLANG_WARN_BLOCK_CAPTURE_AUTORELEASING = YES;
				CLANG_WARN_BOOL_CONVERSION = YES;
				CLANG_WARN_COMMA = YES;
				CLANG_WARN_CONSTANT_CONVERSION = YES;
				CLANG_WARN_DEPRECATED_OBJC_IMPLEMENTATIONS = YES;
				CLANG_WARN_DIRECT_OBJC_ISA_USAGE = YES_ERROR;
				CLANG_WARN_DOCUMENTATION_COMMENTS = YES;
				CLANG_WARN_EMPTY_BODY = YES;
				CLANG_WARN_ENUM_CONVERSION = YES;
				CLANG_WARN_INFINITE_RECURSION = YES;
				CLANG_WARN_INT_CONVERSION = YES;
				CLANG_WARN_NON_LITERAL_NULL_CONVERSION = YES;
				CLANG_WARN_OBJC_IMPLICIT_RETAIN_SELF = YES;
				CLANG_WARN_OBJC_LITERAL_CONVERSION = YES;
				CLANG_WARN_OBJC_ROOT_CLASS = YES_ERROR;
				CLANG_WARN_RANGE_LOOP_ANALYSIS = YES;
				CLANG_WARN_STRICT_PROTOTYPES = YES;
				CLANG_WARN_SUSPICIOUS_MOVE = YES;
				CLANG_WARN_UNGUARDED_AVAILABILITY = YES_AGGRESSIVE;
				CLANG_WARN_UNREACHABLE_CODE = YES;
				CLANG_WARN__DUPLICATE_METHOD_MATCH = YES;
				CODE_SIGN_IDENTITY = "iPhone Developer";
				COPY_PHASE_STRIP = NO;
				DEBUG_INFORMATION_FORMAT = dwarf;
				ENABLE_STRICT_OBJC_MSGSEND = YES;
				ENABLE_TESTABILITY = YES;
				GCC_C_LANGUAGE_STANDARD = gnu11;
				GCC_DYNAMIC_NO_PIC = NO;
				GCC_NO_COMMON_BLOCKS = YES;
				GCC_OPTIMIZATION_LEVEL = 0;
				GCC_PREPROCESSOR_DEFINITIONS = (
					"DEBUG=1",
					"$(inherited)",
				);
				GCC_WARN_64_TO_32_BIT_CONVERSION = YES;
				GCC_WARN_ABOUT_RETURN_TYPE = YES_ERROR;
				GCC_WARN_UNDECLARED_SELECTOR = YES;
				GCC_WARN_UNINITIALIZED_AUTOS = YES_AGGRESSIVE;
				GCC_WARN_UNUSED_FUNCTION = YES;
				GCC_WARN_UNUSED_VARIABLE = YES;
				IPHONEOS_DEPLOYMENT_TARGET = 12.2;
				MTL_ENABLE_DEBUG_INFO = INCLUDE_SOURCE;
				MTL_FAST_MATH = YES;
				ONLY_ACTIVE_ARCH = YES;
				SDKROOT = iphoneos;
				SWIFT_ACTIVE_COMPILATION_CONDITIONS = DEBUG;
				SWIFT_OPTIMIZATION_LEVEL = "-Onone";
			};
			name = Debug;
		};
		EFFF222222FE683600E7DD78 /* Release */ = {
			isa = XCBuildConfiguration;
			buildSettings = {
				ALWAYS_SEARCH_USER_PATHS = NO;
				CLANG_ANALYZER_NONNULL = YES;
				CLANG_ANALYZER_NUMBER_OBJECT_CONVERSION = YES_AGGRESSIVE;
				CLANG_CXX_LANGUAGE_STANDARD = "gnu++14";
				CLANG_CXX_LIBRARY = "libc++";
				CLANG_ENABLE_MODULES = YES;
				CLANG_ENABLE_OBJC_ARC = YES;
				CLANG_ENABLE_OBJC_WEAK = YES;
				CLANG_WARN_BLOCK_CAPTURE_AUTORELEASING = YES;
				CLANG_WARN_BOOL_CONVERSION = YES;
				CLANG_WARN_COMMA = YES;
				CLANG_WARN_CONSTANT_CONVERSION = YES;
				CLANG_WARN_DEPRECATED_OBJC_IMPLEMENTATIONS = YES;
				CLANG_WARN_DIRECT_OBJC_ISA_USAGE = YES_ERROR;
				CLANG_WARN_DOCUMENTATION_COMMENTS = YES;
				CLANG_WARN_EMPTY_BODY = YES;
				CLANG_WARN_ENUM_CONVERSION = YES;
				CLANG_WARN_INFINITE_RECURSION = YES;
				CLANG_WARN_INT_CONVERSION = YES;
				CLANG_WARN_NON_LITERAL_NULL_CONVERSION = YES;
				CLANG_WARN_OBJC_IMPLICIT_RETAIN_SELF = YES;
				CLANG_WARN_OBJC_LITERAL_CONVERSION = YES;
				CLANG_WARN_OBJC_ROOT_CLASS = YES_ERROR;
				CLANG_WARN_RANGE_LOOP_ANALYSIS = YES;
				CLANG_WARN_STRICT_PROTOTYPES = YES;
				CLANG_WARN_SUSPICIOUS_MOVE = YES;
				CLANG_WARN_UNGUARDED_AVAILABILITY = YES_AGGRESSIVE;
				CLANG_WARN_UNREACHABLE_CODE = YES;
				CLANG_WARN__DUPLICATE_METHOD_MATCH = YES;
				CODE_SIGN_IDENTITY = "iPhone Developer";
				COPY_PHASE_STRIP = NO;
				DEBUG_INFORMATION_FORMAT = "dwarf-with-dsym";
				ENABLE_NS_ASSERTIONS = NO;
				ENABLE_STRICT_OBJC_MSGSEND = YES;
				GCC_C_LANGUAGE_STANDARD = gnu11;
				GCC_NO_COMMON_BLOCKS = YES;
				GCC_WARN_64_TO_32_BIT_CONVERSION = YES;
				GCC_WARN_ABOUT_RETURN_TYPE = YES_ERROR;
				GCC_WARN_UNDECLARED_SELECTOR = YES;
				GCC_WARN_UNINITIALIZED_AUTOS = YES_AGGRESSIVE;
				GCC_WARN_UNUSED_FUNCTION = YES;
				GCC_WARN_UNUSED_VARIABLE = YES;
				IPHONEOS_DEPLOYMENT_TARGET = 12.2;
				MTL_ENABLE_DEBUG_INFO = NO;
				MTL_FAST_MATH = YES;
				SDKROOT = iphoneos;
				SWIFT_COMPILATION_MODE = wholemodule;
				SWIFT_OPTIMIZATION_LEVEL = "-O";
				VALIDATE_PRODUCT = YES;
			};
			name = Release;
		};
		EFFF222422FE683600E7DD78 /* Debug */ = {
			isa = XCBuildConfiguration;
			buildSettings = {
				ASSETCATALOG_COMPILER_APPICON_NAME = AppIcon;
				CODE_SIGN_STYLE = Automatic;
				DEVELOPMENT_TEAM = 74DHRH39RX;
				INFOPLIST_FILE = TableView_Assignment_W2/Info.plist;
				LD_RUNPATH_SEARCH_PATHS = (
					"$(inherited)",
					"@executable_path/Frameworks",
				);
				PRODUCT_BUNDLE_IDENTIFIER = "phonelin.TableView-Assignment-W2";
				PRODUCT_NAME = "$(TARGET_NAME)";
				SWIFT_VERSION = 5.0;
				TARGETED_DEVICE_FAMILY = "1,2";
			};
			name = Debug;
		};
		EFFF222522FE683600E7DD78 /* Release */ = {
			isa = XCBuildConfiguration;
			buildSettings = {
				ASSETCATALOG_COMPILER_APPICON_NAME = AppIcon;
				CODE_SIGN_STYLE = Automatic;
				DEVELOPMENT_TEAM = 74DHRH39RX;
				INFOPLIST_FILE = TableView_Assignment_W2/Info.plist;
				LD_RUNPATH_SEARCH_PATHS = (
					"$(inherited)",
					"@executable_path/Frameworks",
				);
				PRODUCT_BUNDLE_IDENTIFIER = "phonelin.TableView-Assignment-W2";
				PRODUCT_NAME = "$(TARGET_NAME)";
				SWIFT_VERSION = 5.0;
				TARGETED_DEVICE_FAMILY = "1,2";
			};
			name = Release;
		};
/* End XCBuildConfiguration section */

/* Begin XCConfigurationList section */
		EFFF220C22FE683500E7DD78 /* Build configuration list for PBXProject "TableView_Assignment_W2" */ = {
			isa = XCConfigurationList;
			buildConfigurations = (
				EFFF222122FE683600E7DD78 /* Debug */,
				EFFF222222FE683600E7DD78 /* Release */,
			);
			defaultConfigurationIsVisible = 0;
			defaultConfigurationName = Release;
		};
		EFFF222322FE683600E7DD78 /* Build configuration list for PBXNativeTarget "TableView_Assignment_W2" */ = {
			isa = XCConfigurationList;
			buildConfigurations = (
				EFFF222422FE683600E7DD78 /* Debug */,
				EFFF222522FE683600E7DD78 /* Release */,
			);
			defaultConfigurationIsVisible = 0;
			defaultConfigurationName = Release;
		};
/* End XCConfigurationList section */
	};
	rootObject = EFFF220922FE683500E7DD78 /* Project object */;
}
